
Microsoft Visual Studio Solution File, Format Version 12.00
# Visual Studio Version 17
VisualStudioVersion = 17.1.32421.90
MinimumVisualStudioVersion = 10.0.40219.1
Project("{FAE04EC0-301F-11D3-BF4B-00C04F79EFBC}") = "dev-in-house-basic-jwt", "dev-in-house-basic-jwt\dev-in-house-basic-jwt.csproj", "{A1C44062-66BF-4BEA-8918-60D8DA5971AF}"
EndProject
Global
	GlobalSection(SolutionConfigurationPlatforms) = preSolution
		Debug|Any CPU = Debug|Any CPU
		Release|Any CPU = Release|Any CPU
	EndGlobalSection
	GlobalSection(ProjectConfigurationPlatforms) = postSolution
		{A1C44062-66BF-4BEA-8918-60D8DA5971AF}.Debug|Any CPU.ActiveCfg = Debug|Any CPU
		{A1C44062-66BF-4BEA-8918-60D8DA5971AF}.Debug|Any CPU.Build.0 = Debug|Any CPU
		{A1C44062-66BF-4BEA-8918-60D8DA5971AF}.Release|Any CPU.ActiveCfg = Release|Any CPU
		{A1C44062-66BF-4BEA-8918-60D8DA5971AF}.Release|Any CPU.Build.0 = Release|Any CPU
	EndGlobalSection
	GlobalSection(SolutionProperties) = preSolution
		HideSolutionNode = FALSE
	EndGlobalSection
	GlobalSection(ExtensibilityGlobals) = postSolution
		SolutionGuid = {798CFAE8-CCE7-472E-913C-62F984077883}
	EndGlobalSection
EndGlobal
